<?xml version="1.0" encoding="utf-8"?>
<Project ToolsVersion="4.0" xmlns="http://schemas.microsoft.com/developer/msbuild/2003">
  <ItemGroup>
    <Filter Include="Source Files">
      <UniqueIdentifier>{4FC737F1-C7A5-4376-A066-2A32D752A2FF}</UniqueIdentifier>
      <Extensions>cpp;c;cc;cxx;def;odl;idl;hpj;bat;asm;asmx</Extensions>
    </Filter>
    <Filter Include="Header Files">
      <UniqueIdentifier>{93995380-89BD-4b04-88EB-625FBE52EBFB}</UniqueIdentifier>
      <Extensions>h;hh;hpp;hxx;hm;inl;inc;xsd</Extensions>
    </Filter>
    <Filter Include="Resource Files">
      <UniqueIdentifier>{67DA6AB6-F800-4c08-8B7A-83BB121AAD01}</UniqueIdentifier>
      <Extensions>rc;ico;cur;bmp;dlg;rc2;rct;bin;rgs;gif;jpg;jpeg;jpe;resx;tiff;tif;png;wav;mfcribbon-ms</Extensions>
    </Filter>
  </ItemGroup>
  <ItemGroup>
    <ClCompile Include="Core\Graphics\glad.c">
      <Filter>Source Files</Filter>
    </ClCompile>
    <ClCompile Include="Core\Platform\Unincludable.cpp">
      <Filter>Source Files</Filter>
    </ClCompile>
    <ClCompile Include="Main.cpp">
      <Filter>Source Files</Filter>
    </ClCompile>
  </ItemGroup>
  <ItemGroup>
    <None Include="Core\Event\Event.inl">
      <Filter>Header Files</Filter>
    </None>
    <None Include="Core\Event\EventCallback.inl">
      <Filter>Header Files</Filter>
    </None>
    <None Include="Core\Event\EventHandler.inl">
      <Filter>Header Files</Filter>
    </None>
    <None Include="Core\Graphics\Material.inl">
      <Filter>Header Files</Filter>
    </None>
    <None Include="Core\Graphics\Mesh.inl">
      <Filter>Header Files</Filter>
    </None>
    <None Include="Core\Graphics\Shader.inl">
      <Filter>Header Files</Filter>
    </None>
    <None Include="Core\Graphics\Window.inl">
      <Filter>Header Files</Filter>
    </None>
    <None Include="Core\Input\InputManager.inl">
      <Filter>Header Files</Filter>
    </None>
    <None Include="Core\Level\Entity.inl">
      <Filter>Header Files</Filter>
    </None>
    <None Include="Core\Level\Level.inl">
      <Filter>Header Files</Filter>
    </None>
    <None Include="Core\Level\Object.inl">
      <Filter>Header Files</Filter>
    </None>
    <None Include="Core\Math\Matrix\Matrix4x4.inl">
      <Filter>Header Files</Filter>
    </None>
    <None Include="Core\Math\Quaternion\Quaternion.inl">
      <Filter>Header Files</Filter>
    </None>
    <None Include="Core\Math\Vector\Vector2.inl">
      <Filter>Header Files</Filter>
    </None>
    <None Include="Core\Math\Vector\Vector3.inl">
      <Filter>Header Files</Filter>
    </None>
    <None Include="Core\Math\Vector\Vector4.inl">
      <Filter>Header Files</Filter>
    </None>
    <None Include="Core\Utilities\Aesset.inl">
      <Filter>Header Files</Filter>
    </None>
    <None Include="Core\Utilities\File.inl">
      <Filter>Header Files</Filter>
    </None>
    <None Include="Core\Utilities\Random.inl">
      <Filter>Header Files</Filter>
    </None>
    <None Include="Core\Utilities\Time.inl">
      <Filter>Header Files</Filter>
    </None>
    <None Include="Core\Utilities\Timer.inl">
      <Filter>Header Files</Filter>
    </None>
    <None Include="Engine\Graphics\OpenGL\Buffers\GLArrayBuffer.inl">
      <Filter>Header Files</Filter>
    </None>
    <None Include="Engine\Graphics\OpenGL\Buffers\GLElementBuffer.inl">
      <Filter>Header Files</Filter>
    </None>
    <None Include="Engine\Graphics\OpenGL\Buffers\GLFrameBuffer.inl">
      <Filter>Header Files</Filter>
    </None>
    <None Include="Engine\Graphics\OpenGL\Buffers\GLVertexArray.inl">
      <Filter>Header Files</Filter>
    </None>
    <None Include="Engine\Graphics\OpenGL\Renderers\GLBasicRenderer.inl">
      <Filter>Header Files</Filter>
    </None>
    <None Include="Engine\Graphics\OpenGL\GLMesh.inl">
      <Filter>Header Files</Filter>
    </None>
    <None Include="Engine\Graphics\OpenGL\GLShader.inl">
      <Filter>Header Files</Filter>
    </None>
    <None Include="Engine\Graphics\OpenGL\GLTexture.inl">
      <Filter>Header Files</Filter>
    </None>
    <None Include="Engine\Graphics\OpenGL\GLWindow.inl">
      <Filter>Header Files</Filter>
    </None>
    <None Include="Core\Input\InputControl.inl">
      <Filter>Header Files</Filter>
    </None>
    <None Include="Core\Math\Transform.inl">
      <Filter>Header Files</Filter>
    </None>
    <None Include="Core\Task\ThreadPool.inl">
      <Filter>Header Files</Filter>
    </None>
    <None Include="Core\Data\TagContainer.inl">
      <Filter>Header Files</Filter>
    </None>
    <None Include="Core\Graphics\Renderer.inl">
      <Filter>Header Files</Filter>
    </None>
    <None Include="Core\Scene\Component.inl">
      <Filter>Header Files</Filter>
    </None>
    <None Include="Core\Scene\System.inl">
      <Filter>Header Files</Filter>
    </None>
    <None Include="Core\Scene\Scene.inl">
      <Filter>Header Files</Filter>
    </None>
    <None Include="Engine\Graphics\OpenGL\Renderers\GLRenderingSystem.inl">
      <Filter>Header Files</Filter>
    </None>
    <None Include="Config.aesset" />
    <None Include="WIP\Scene\Scene.inl">
      <Filter>Header Files</Filter>
    </None>
    <None Include="Engine\Application\AppPackage.inl">
      <Filter>Header Files</Filter>
    </None>
  </ItemGroup>
  <ItemGroup>
    <ClInclude Include="Core\Event\Event.hpp">
      <Filter>Header Files</Filter>
    </ClInclude>
    <ClInclude Include="Core\Event\EventCallback.hpp">
      <Filter>Header Files</Filter>
    </ClInclude>
    <ClInclude Include="Core\Event\EventHandler.hpp">
      <Filter>Header Files</Filter>
    </ClInclude>
    <ClInclude Include="Core\Graphics\GraphicsClass.hpp">
      <Filter>Header Files</Filter>
    </ClInclude>
    <ClInclude Include="Core\Graphics\Light.hpp">
      <Filter>Header Files</Filter>
    </ClInclude>
    <ClInclude Include="Core\Graphics\Material.hpp">
      <Filter>Header Files</Filter>
    </ClInclude>
    <ClInclude Include="Core\Graphics\Mesh.hpp">
      <Filter>Header Files</Filter>
    </ClInclude>
    <ClInclude Include="Core\Graphics\Renderer.hpp">
      <Filter>Header Files</Filter>
    </ClInclude>
    <ClInclude Include="Core\Graphics\Shader.hpp">
      <Filter>Header Files</Filter>
    </ClInclude>
    <ClInclude Include="Core\Graphics\Texture.hpp">
      <Filter>Header Files</Filter>
    </ClInclude>
    <ClInclude Include="Core\Graphics\Window.hpp">
      <Filter>Header Files</Filter>
    </ClInclude>
    <ClInclude Include="Core\Input\InputManager.hpp">
      <Filter>Header Files</Filter>
    </ClInclude>
    <ClInclude Include="Core\Level\Component.hpp">
      <Filter>Header Files</Filter>
    </ClInclude>
    <ClInclude Include="Core\Level\Entity.hpp">
      <Filter>Header Files</Filter>
    </ClInclude>
    <ClInclude Include="Core\Level\Level.hpp">
      <Filter>Header Files</Filter>
    </ClInclude>
    <ClInclude Include="Core\Level\LevelPlugin.hpp">
      <Filter>Header Files</Filter>
    </ClInclude>
    <ClInclude Include="Core\Level\Object.hpp">
      <Filter>Header Files</Filter>
    </ClInclude>
    <ClInclude Include="Core\Math\Matrix\Matrix4x4.hpp">
      <Filter>Header Files</Filter>
    </ClInclude>
    <ClInclude Include="Core\Math\Quaternion\Quaternion.hpp">
      <Filter>Header Files</Filter>
    </ClInclude>
    <ClInclude Include="Core\Math\Vector\Vector2.hpp">
      <Filter>Header Files</Filter>
    </ClInclude>
    <ClInclude Include="Core\Math\Vector\Vector3.hpp">
      <Filter>Header Files</Filter>
    </ClInclude>
    <ClInclude Include="Core\Math\Vector\Vector4.hpp">
      <Filter>Header Files</Filter>
    </ClInclude>
    <ClInclude Include="Core\Math\Math.hpp">
      <Filter>Header Files</Filter>
    </ClInclude>
    <ClInclude Include="Core\Math\MathDefines.hpp">
      <Filter>Header Files</Filter>
    </ClInclude>
    <ClInclude Include="Core\Math\MathFunctions.hpp">
      <Filter>Header Files</Filter>
    </ClInclude>
    <ClInclude Include="Core\Math\SIMD.hpp">
      <Filter>Header Files</Filter>
    </ClInclude>
    <ClInclude Include="Core\Math\Transform.hpp">
      <Filter>Header Files</Filter>
    </ClInclude>
    <ClInclude Include="Core\Platform\Platform.hpp">
      <Filter>Header Files</Filter>
    </ClInclude>
    <ClInclude Include="Core\Utilities\Aesset.hpp">
      <Filter>Header Files</Filter>
    </ClInclude>
    <ClInclude Include="Core\Utilities\File.hpp">
      <Filter>Header Files</Filter>
    </ClInclude>
    <ClInclude Include="Core\Utilities\Log.hpp">
      <Filter>Header Files</Filter>
    </ClInclude>
    <ClInclude Include="Core\Utilities\MainArgsParser.hpp">
      <Filter>Header Files</Filter>
    </ClInclude>
    <ClInclude Include="Core\Utilities\Random.hpp">
      <Filter>Header Files</Filter>
    </ClInclude>
    <ClInclude Include="Core\Utilities\Time.hpp">
      <Filter>Header Files</Filter>
    </ClInclude>
    <ClInclude Include="Core\Utilities\Timer.hpp">
      <Filter>Header Files</Filter>
    </ClInclude>
    <ClInclude Include="Engine\Graphics\OpenGL\Buffers\GLArrayBuffer.hpp">
      <Filter>Header Files</Filter>
    </ClInclude>
    <ClInclude Include="Engine\Graphics\OpenGL\Buffers\GLElementBuffer.hpp">
      <Filter>Header Files</Filter>
    </ClInclude>
    <ClInclude Include="Engine\Graphics\OpenGL\Buffers\GLFrameBuffer.hpp">
      <Filter>Header Files</Filter>
    </ClInclude>
    <ClInclude Include="Engine\Graphics\OpenGL\Buffers\GLVertexArray.hpp">
      <Filter>Header Files</Filter>
    </ClInclude>
    <ClInclude Include="Engine\Graphics\OpenGL\Lights\GLDirectionalLight.hpp">
      <Filter>Header Files</Filter>
    </ClInclude>
    <ClInclude Include="Engine\Graphics\OpenGL\Lights\GLPointLight.hpp">
      <Filter>Header Files</Filter>
    </ClInclude>
    <ClInclude Include="Engine\Graphics\OpenGL\Lights\GLSpotLight.hpp">
      <Filter>Header Files</Filter>
    </ClInclude>
    <ClInclude Include="Engine\Graphics\OpenGL\Renderers\GLBasicRenderer.hpp">
      <Filter>Header Files</Filter>
    </ClInclude>
    <ClInclude Include="Engine\Graphics\OpenGL\GLCommon.hpp">
      <Filter>Header Files</Filter>
    </ClInclude>
    <ClInclude Include="Engine\Graphics\OpenGL\GLMesh.hpp">
      <Filter>Header Files</Filter>
    </ClInclude>
    <ClInclude Include="Engine\Graphics\OpenGL\GLShader.hpp">
      <Filter>Header Files</Filter>
    </ClInclude>
    <ClInclude Include="Engine\Graphics\OpenGL\GLTexture.hpp">
      <Filter>Header Files</Filter>
    </ClInclude>
    <ClInclude Include="Engine\Graphics\OpenGL\GLWindow.hpp">
      <Filter>Header Files</Filter>
    </ClInclude>
    <ClInclude Include="Engine\Level\Components\CameraComponent.hpp">
      <Filter>Header Files</Filter>
    </ClInclude>
    <ClInclude Include="Engine\Level\Components\LightComponent.hpp">
      <Filter>Header Files</Filter>
    </ClInclude>
    <ClInclude Include="Engine\Level\Components\MeshComponent.hpp">
      <Filter>Header Files</Filter>
    </ClInclude>
    <ClInclude Include="Engine\Level\Components\RigidBodyComponent.hpp">
      <Filter>Header Files</Filter>
    </ClInclude>
    <ClInclude Include="Engine\Level\Components\TransformComponent.hpp">
      <Filter>Header Files</Filter>
    </ClInclude>
    <ClInclude Include="Engine\Level\Entities\BasicEntity.hpp">
      <Filter>Header Files</Filter>
    </ClInclude>
    <ClInclude Include="Engine\Level\Entities\EmtpyEntity.hpp">
      <Filter>Header Files</Filter>
    </ClInclude>
    <ClInclude Include="Engine\Level\LevelPlugins\BulletPhysicsPlugin.hpp">
      <Filter>Header Files</Filter>
    </ClInclude>
    <ClInclude Include="Core\Input\InputControl.hpp">
      <Filter>Header Files</Filter>
    </ClInclude>
    <ClInclude Include="Core\Task\ThreadPool.hpp">
      <Filter>Header Files</Filter>
    </ClInclude>
    <ClInclude Include="Core\Data\TagContainer.hpp">
      <Filter>Header Files</Filter>
    </ClInclude>
    <ClInclude Include="Core\Platform\OSDefines.hpp">
      <Filter>Header Files</Filter>
    </ClInclude>
    <ClInclude Include="Core\Scene\Component.hpp">
      <Filter>Header Files</Filter>
    </ClInclude>
    <ClInclude Include="Core\Platform\IntTypes.hpp">
      <Filter>Header Files</Filter>
    </ClInclude>
    <ClInclude Include="Core\Scene\System.hpp">
      <Filter>Header Files</Filter>
    </ClInclude>
    <ClInclude Include="Core\Scene\Scene.hpp">
      <Filter>Header Files</Filter>
    </ClInclude>
    <ClInclude Include="Core\Platform\HelperMacros.hpp">
      <Filter>Header Files</Filter>
    </ClInclude>
    <ClInclude Include="Engine\Graphics\OpenGL\Renderers\GLRenderingSystem.hpp">
      <Filter>Header Files</Filter>
    </ClInclude>
    <ClInclude Include="Engine\Scene\TransformComponent.hpp">
      <Filter>Header Files</Filter>
    </ClInclude>
    <ClInclude Include="Engine\Scene\MeshComponent.hpp">
      <Filter>Header Files</Filter>
    </ClInclude>
    <ClInclude Include="Core\Audio\Instance.hpp">
      <Filter>Header Files</Filter>
    </ClInclude>
    <ClInclude Include="Engine\Application\AppPackage.hpp">
      <Filter>Header Files</Filter>
    </ClInclude>
    <ClInclude Include="Engine\Graphics\ImGui\ConsoleOld.hpp">
      <Filter>Header Files</Filter>
    </ClInclude>
    <ClInclude Include="Engine\Graphics\ImGui\Console.hpp">
      <Filter>Header Files</Filter>
    </ClInclude>
    <ClInclude Include="WIP\Scene\Scene.hpp">
      <Filter>Header Files</Filter>
    </ClInclude>
    <ClInclude Include="WIP\Scene\System.hpp">
      <Filter>Header Files</Filter>
    </ClInclude>
  </ItemGroup>
</Project>